<?xml version="1.0" encoding="utf-8"?>
<Project ToolsVersion="4.0" xmlns="http://schemas.microsoft.com/developer/msbuild/2003">
  <ItemGroup>
    <Filter Include="Win32">
      <UniqueIdentifier>{ce7b9de5-e704-4dda-b785-778920e4d68d}</UniqueIdentifier>
    </Filter>
    <Filter Include="Classes">
      <UniqueIdentifier>{c15939ee-24d7-49c4-ace6-d98bb957191b}</UniqueIdentifier>
    </Filter>
    <Filter Include="Classes\AppDelegate">
      <UniqueIdentifier>{50b47d4c-d075-4dbf-9aab-c2e3fc98bba6}</UniqueIdentifier>
    </Filter>
    <Filter Include="Classes\Character">
      <UniqueIdentifier>{93c83081-d304-4984-8f2b-a242723774f4}</UniqueIdentifier>
    </Filter>
    <Filter Include="Classes\Maps">
      <UniqueIdentifier>{661ebf28-b36c-4362-bb2e-24c5d04d4d6b}</UniqueIdentifier>
    </Filter>
    <Filter Include="Classes\Scene">
      <UniqueIdentifier>{76a91594-afe2-422d-9d46-e6a8e2e909cd}</UniqueIdentifier>
    </Filter>
    <Filter Include="Classes\MenuImage">
      <UniqueIdentifier>{4108d8f8-4c62-4d01-a3c7-45ff42542fc0}</UniqueIdentifier>
    </Filter>
    <Filter Include="Resources">
      <UniqueIdentifier>{4848dd74-7c17-4b7b-99d9-3960fe0b8ac7}</UniqueIdentifier>
    </Filter>
    <Filter Include="Classes\Crops">
      <UniqueIdentifier>{6a470c71-4fc6-4d67-bd0c-1febd9b0fb20}</UniqueIdentifier>
    </Filter>
    <Filter Include="Classes\Animation">
      <UniqueIdentifier>{d97ca9a0-1246-4faa-a0b0-ff57d6dde37c}</UniqueIdentifier>
    </Filter>
    <Filter Include="Classes\Animal">
      <UniqueIdentifier>{547bd8e6-2fda-4188-b10a-6bc8f38a17c4}</UniqueIdentifier>
    </Filter>
    <Filter Include="Classes\Layer">
      <UniqueIdentifier>{b560586d-3026-40bf-b612-a2b26cccd69b}</UniqueIdentifier>
    </Filter>
    <Filter Include="Classes\LocationMap">
      <UniqueIdentifier>{d1a7b7d6-e79a-4fd7-9a4c-136f725e84a2}</UniqueIdentifier>
    </Filter>
    <Filter Include="Classes\Control">
      <UniqueIdentifier>{c5be6d45-ec48-4ed5-9d2a-f247972a600b}</UniqueIdentifier>
    </Filter>
    <Filter Include="Classes\Box">
      <UniqueIdentifier>{0846b5f0-18e8-4055-87fd-37fe7bc08e8d}</UniqueIdentifier>
    </Filter>
    <Filter Include="Classes\Store">
      <UniqueIdentifier>{d14d2112-2aad-48ec-a17a-43171db6a5fc}</UniqueIdentifier>
    </Filter>
  </ItemGroup>
  <ItemGroup>
    <ClInclude Include="..\Classes\CursorAndBUutton\HoverCursor.h" />
    <ClInclude Include="main.h">
      <Filter>Win32</Filter>
    </ClInclude>
    <ClInclude Include="..\Classes\AppDelegate\AppDelegate.h">
      <Filter>Classes\AppDelegate</Filter>
    </ClInclude>
    <ClInclude Include="..\Classes\Character\Character.h">
      <Filter>Classes\Character</Filter>
    </ClInclude>
    <ClInclude Include="..\Classes\Character\CharacterAction.h">
      <Filter>Classes\Character</Filter>
    </ClInclude>
    <ClInclude Include="..\Classes\Character\CharacterInfo.h">
      <Filter>Classes\Character</Filter>
    </ClInclude>
    <ClInclude Include="..\Classes\Character\CharacterMove.h">
      <Filter>Classes\Character</Filter>
    </ClInclude>
    <ClInclude Include="..\Classes\Character\CharacterObjectList.h">
      <Filter>Classes\Character</Filter>
    </ClInclude>
    <ClInclude Include="..\Classes\Maps\FarmMap.h">
      <Filter>Classes\Maps</Filter>
    </ClInclude>
    <ClInclude Include="..\Classes\Maps\GameMap.h">
      <Filter>Classes\Maps</Filter>
    </ClInclude>
    <ClInclude Include="..\Classes\Control\GameViewController.h">
      <Filter>Classes\Control</Filter>
    </ClInclude>
    <ClInclude Include="..\Classes\Scene\HelloWorldScene.h">
      <Filter>Classes\Scene</Filter>
    </ClInclude>
    <ClInclude Include="..\Classes\Scene\GameMainScene.h">
      <Filter>Classes\Scene</Filter>
    </ClInclude>
    <ClInclude Include="..\Classes\LocationMap\LocationMap.h">
      <Filter>Classes\LocationMap</Filter>
    </ClInclude>
    <ClInclude Include="Constant.h">
      <Filter>Win32</Filter>
    </ClInclude>
    <ClInclude Include="..\Classes\MenuImage\HoverMenuItemImage.h">
      <Filter>Classes\MenuImage</Filter>
    </ClInclude>
    <ClInclude Include="..\Classes\Control\InteractionManager.h">
      <Filter>Classes\Control</Filter>
    </ClInclude>
    <ClInclude Include="..\Classes\Layer\PlacementMarkerLayer.h">
      <Filter>Classes\Layer</Filter>
    </ClInclude>
    <ClInclude Include="..\Classes\Maps\IndoorMap.h">
      <Filter>Classes\Maps</Filter>
    </ClInclude>
    <ClInclude Include="..\Classes\Control\MapSwitchManager.h">
      <Filter>Classes\Control</Filter>
    </ClInclude>
    <ClInclude Include="..\Classes\Crops\CropData.h">
      <Filter>Classes\Crops</Filter>
    </ClInclude>
    <ClInclude Include="..\Classes\Crops\Crops.h">
      <Filter>Classes\Crops</Filter>
    </ClInclude>
    <ClInclude Include="..\Classes\Character\NPC.h">
      <Filter>Classes\Character</Filter>
    </ClInclude>
    <ClInclude Include="..\Classes\Character\GiftItem.h">
      <Filter>Classes\Character</Filter>
    </ClInclude>
    <ClInclude Include="..\Classes\Control\NpcManager.h">
      <Filter>Classes\Control</Filter>
    </ClInclude>
    <ClInclude Include="..\Classes\Control\GiftItemManager.h">
      <Filter>Classes\Control</Filter>
    </ClInclude>
    <ClInclude Include="..\Classes\Control\NpcInteractionManager.h">
      <Filter>Classes\Control</Filter>
    </ClInclude>
    <ClInclude Include="..\Classes\Layer\ChatLayer.h">
      <Filter>Classes\Layer</Filter>
    </ClInclude>
    <ClInclude Include="..\Classes\Control\TimeManager.h">
      <Filter>Classes\Control</Filter>
    </ClInclude>
    <ClInclude Include="..\Classes\Animation\Animation.h">
      <Filter>Classes\Animation</Filter>
    </ClInclude>
    <ClInclude Include="..\Classes\Animal\Animal.h">
      <Filter>Classes\Animal</Filter>
    </ClInclude>
    <ClInclude Include="..\Classes\Layer\AudioControlLayer.h">
      <Filter>Classes\Layer</Filter>
    </ClInclude>
    <ClInclude Include="..\Classes\Layer\UILayer.h">
      <Filter>Classes\Layer</Filter>
    </ClInclude>
    <ClInclude Include="..\Classes\Character\Task.h">
      <Filter>Classes\Character</Filter>
    </ClInclude>
    <ClInclude Include="..\Classes\Box\Box.h">
      <Filter>Classes\Box</Filter>
    </ClInclude>
    <ClInclude Include="..\Classes\Layer\LoginLayer.h">
      <Filter>Classes\Layer</Filter>
    </ClInclude>
    <ClInclude Include="..\Classes\Animal\Fish.h">
      <Filter>Classes\Animal</Filter>
    </ClInclude>
    <ClInclude Include="..\Classes\Maps\TownMap.h">
      <Filter>Classes\Maps</Filter>
    </ClInclude>
    <ClInclude Include="..\Classes\Store\Store.h">
      <Filter>Classes\Store</Filter>
    </ClInclude>
    <ClInclude Include="..\Classes\Control\MapStateManager.h">
      <Filter>Classes\Control</Filter>
    </ClInclude>
    <ClInclude Include="..\Classes\Maps\MineMap.h">
      <Filter>Classes\Maps</Filter>
    </ClInclude>
    <ClInclude Include="..\Classes\Maps\IndoorLighting.h">
      <Filter>Classes\Maps</Filter>
    </ClInclude>
  </ItemGroup>
  <ItemGroup>
    <ClCompile Include="..\Classes\CursorAndBUutton\HoverCursor.cpp" />
    <ClCompile Include="main.cpp">
      <Filter>Win32</Filter>
    </ClCompile>
    <ClCompile Include="..\Classes\AppDelegate\AppDelegate.cpp">
      <Filter>Classes\AppDelegate</Filter>
    </ClCompile>
    <ClCompile Include="..\Classes\Character\Character.cpp">
      <Filter>Classes\Character</Filter>
    </ClCompile>
    <ClCompile Include="..\Classes\Character\CharacterAction.cpp">
      <Filter>Classes\Character</Filter>
    </ClCompile>
    <ClCompile Include="..\Classes\Character\CharacterInfo.cpp">
      <Filter>Classes\Character</Filter>
    </ClCompile>
    <ClCompile Include="..\Classes\Character\CharacterMove.cpp">
      <Filter>Classes\Character</Filter>
    </ClCompile>
    <ClCompile Include="..\Classes\Character\CharacterObjectList.cpp">
      <Filter>Classes\Character</Filter>
    </ClCompile>
    <ClCompile Include="..\Classes\Maps\FarmMap.cpp">
      <Filter>Classes\Maps</Filter>
    </ClCompile>
    <ClCompile Include="..\Classes\Maps\GameMap.cpp">
      <Filter>Classes\Maps</Filter>
    </ClCompile>
    <ClCompile Include="..\Classes\Control\GameViewController.cpp">
      <Filter>Classes\Control</Filter>
    </ClCompile>
    <ClCompile Include="..\Classes\Scene\HelloWorldScene.cpp">
      <Filter>Classes\Scene</Filter>
    </ClCompile>
    <ClCompile Include="..\Classes\Scene\GameMainScene.cpp">
      <Filter>Classes\Scene</Filter>
    </ClCompile>
    <ClCompile Include="..\Classes\LocationMap\LocationMap.cpp">
      <Filter>Classes\LocationMap</Filter>
    </ClCompile>
    <ClCompile Include="..\Classes\MenuImage\HoverMenuItemImage.cpp">
      <Filter>Classes\MenuImage</Filter>
    </ClCompile>
    <ClCompile Include="..\Classes\Control\InteractionManager.cpp">
      <Filter>Classes\Control</Filter>
    </ClCompile>
    <ClCompile Include="..\Classes\Layer\PlacementMarkerLayer.cpp">
      <Filter>Classes\Layer</Filter>
    </ClCompile>
    <ClCompile Include="..\Classes\Layer\UILayer.cpp">
      <Filter>Classes\Layer</Filter>
    </ClCompile>
    <ClCompile Include="..\Classes\Maps\IndoorMap.cpp">
      <Filter>Classes\Maps</Filter>
    </ClCompile>
    <ClCompile Include="..\Classes\Control\MapSwitchManager.cpp">
      <Filter>Classes\Control</Filter>
    </ClCompile>
    <ClCompile Include="..\Classes\Crops\Crops.cpp">
      <Filter>Classes\Crops</Filter>
    </ClCompile>
    <ClCompile Include="..\Classes\Character\NPC.cpp">
      <Filter>Classes\Character</Filter>
    </ClCompile>
    <ClCompile Include="..\Classes\Character\GiftItem.cpp">
      <Filter>Classes\Character</Filter>
    </ClCompile>
    <ClCompile Include="..\Classes\Control\NpcManager.cpp">
      <Filter>Classes\Control</Filter>
    </ClCompile>
    <ClCompile Include="..\Classes\Control\GIftItemManager.cpp">
      <Filter>Classes\Control</Filter>
    </ClCompile>
    <ClCompile Include="..\Classes\Control\NpcInteractionManager.cpp">
      <Filter>Classes\Control</Filter>
    </ClCompile>
    <ClCompile Include="..\Classes\Layer\ChatLayer.cpp">
      <Filter>Classes\Layer</Filter>
    </ClCompile>
    <ClCompile Include="..\Classes\Control\TimeManager.cpp">
      <Filter>Classes\Control</Filter>
    </ClCompile>
    <ClCompile Include="..\Classes\Animation\Animation.cpp">
      <Filter>Classes\Animation</Filter>
    </ClCompile>
    <ClCompile Include="..\Classes\Animal\Animal.cpp">
      <Filter>Classes\Animal</Filter>
    </ClCompile>
    <ClCompile Include="..\Classes\Layer\AudioControlLayer.cpp">
      <Filter>Classes\Layer</Filter>
    </ClCompile>
    <ClCompile Include="..\Classes\Character\Task.cpp">
      <Filter>Classes\Character</Filter>
    </ClCompile>
    <ClCompile Include="..\Classes\Box\Box.cpp">
      <Filter>Classes\Box</Filter>
    </ClCompile>
    <ClCompile Include="..\Classes\Layer\LoginLayer.cpp">
      <Filter>Classes\Layer</Filter>
    </ClCompile>
    <ClCompile Include="..\Classes\Animal\Fish.cpp">
      <Filter>Classes\Animal</Filter>
    </ClCompile>
    <ClCompile Include="..\Classes\Maps\TownMap.cpp">
      <Filter>Classes\Maps</Filter>
    </ClCompile>
    <ClCompile Include="..\Classes\Store\Store.cpp">
      <Filter>Classes\Store</Filter>
    </ClCompile>
    <ClCompile Include="..\Classes\Control\MapStateManager.cpp">
      <Filter>Classes\Control</Filter>
    </ClCompile>
    <ClCompile Include="..\Classes\Maps\MineMap.cpp">
      <Filter>Classes\Maps</Filter>
    </ClCompile>
    <ClCompile Include="..\Classes\Maps\IndoorLighting.cpp">
      <Filter>Classes\Maps</Filter>
    </ClCompile>
  </ItemGroup>
  <ItemGroup>
    <ResourceCompile Include="game.rc">
      <Filter>Resources</Filter>
    </ResourceCompile>
  </ItemGroup>
</Project>